// !$*UTF8*$!
{
	archiveVersion = 1;
	classes = {
	};
	objectVersion = 50;
	objects = {

/* Begin PBXBuildFile section */
		A2867BA524C81E080023459E /* AppDelegate.swift in Sources */ = {isa = PBXBuildFile; fileRef = A2867BA424C81E080023459E /* AppDelegate.swift */; };
		A2867BA724C81E080023459E /* SceneDelegate.swift in Sources */ = {isa = PBXBuildFile; fileRef = A2867BA624C81E080023459E /* SceneDelegate.swift */; };
		A2867BA924C81E080023459E /* ViewController.swift in Sources */ = {isa = PBXBuildFile; fileRef = A2867BA824C81E080023459E /* ViewController.swift */; };
		A2867BAC24C81E080023459E /* Main.storyboard in Resources */ = {isa = PBXBuildFile; fileRef = A2867BAA24C81E080023459E /* Main.storyboard */; };
		A2867BAE24C81E080023459E /* Assets.xcassets in Resources */ = {isa = PBXBuildFile; fileRef = A2867BAD24C81E080023459E /* Assets.xcassets */; };
		A2867BB124C81E080023459E /* LaunchScreen.storyboard in Resources */ = {isa = PBXBuildFile; fileRef = A2867BAF24C81E080023459E /* LaunchScreen.storyboard */; };
		A2867BBC24C81E090023459E /* Task1Tests.swift in Sources */ = {isa = PBXBuildFile; fileRef = A2867BBB24C81E090023459E /* Task1Tests.swift */; };
		A2867BC724C81E090023459E /* Task1UITests.swift in Sources */ = {isa = PBXBuildFile; fileRef = A2867BC624C81E090023459E /* Task1UITests.swift */; };
/* End PBXBuildFile section */

/* Begin PBXContainerItemProxy section */
		A2867BB824C81E090023459E /* PBXContainerItemProxy */ = {
			isa = PBXContainerItemProxy;
			containerPortal = A2867B9924C81E080023459E /* Project object */;
			proxyType = 1;
			remoteGlobalIDString = A2867BA024C81E080023459E;
			remoteInfo = Task1;
		};
		A2867BC324C81E090023459E /* PBXContainerItemProxy */ = {
			isa = PBXContainerItemProxy;
			containerPortal = A2867B9924C81E080023459E /* Project object */;
			proxyType = 1;
			remoteGlobalIDString = A2867BA024C81E080023459E;
			remoteInfo = Task1;
		};
/* End PBXContainerItemProxy section */

/* Begin PBXFileReference section */
		A2867BA124C81E080023459E /* Task1.app */ = {isa = PBXFileReference; explicitFileType = wrapper.application; includeInIndex = 0; path = Task1.app; sourceTree = BUILT_PRODUCTS_DIR; };
		A2867BA424C81E080023459E /* AppDelegate.swift */ = {isa = PBXFileReference; lastKnownFileType = sourcecode.swift; path = AppDelegate.swift; sourceTree = "<group>"; };
		A2867BA624C81E080023459E /* SceneDelegate.swift */ = {isa = PBXFileReference; lastKnownFileType = sourcecode.swift; path = SceneDelegate.swift; sourceTree = "<group>"; };
		A2867BA824C81E080023459E /* ViewController.swift */ = {isa = PBXFileReference; lastKnownFileType = sourcecode.swift; path = ViewController.swift; sourceTree = "<group>"; };
		A2867BAB24C81E080023459E /* Base */ = {isa = PBXFileReference; lastKnownFileType = file.storyboard; name = Base; path = Base.lproj/Main.storyboard; sourceTree = "<group>"; };
		A2867BAD24C81E080023459E /* Assets.xcassets */ = {isa = PBXFileReference; lastKnownFileType = folder.assetcatalog; path = Assets.xcassets; sourceTree = "<group>"; };
		A2867BB024C81E080023459E /* Base */ = {isa = PBXFileReference; lastKnownFileType = file.storyboard; name = Base; path = Base.lproj/LaunchScreen.storyboard; sourceTree = "<group>"; };
		A2867BB224C81E080023459E /* Info.plist */ = {isa = PBXFileReference; lastKnownFileType = text.plist.xml; path = Info.plist; sourceTree = "<group>"; };
		A2867BB724C81E090023459E /* Task1Tests.xctest */ = {isa = PBXFileReference; explicitFileType = wrapper.cfbundle; includeInIndex = 0; path = Task1Tests.xctest; sourceTree = BUILT_PRODUCTS_DIR; };
		A2867BBB24C81E090023459E /* Task1Tests.swift */ = {isa = PBXFileReference; lastKnownFileType = sourcecode.swift; path = Task1Tests.swift; sourceTree = "<group>"; };
		A2867BBD24C81E090023459E /* Info.plist */ = {isa = PBXFileReference; lastKnownFileType = text.plist.xml; path = Info.plist; sourceTree = "<group>"; };
		A2867BC224C81E090023459E /* Task1UITests.xctest */ = {isa = PBXFileReference; explicitFileType = wrapper.cfbundle; includeInIndex = 0; path = Task1UITests.xctest; sourceTree = BUILT_PRODUCTS_DIR; };
		A2867BC624C81E090023459E /* Task1UITests.swift */ = {isa = PBXFileReference; lastKnownFileType = sourcecode.swift; path = Task1UITests.swift; sourceTree = "<group>"; };
		A2867BC824C81E090023459E /* Info.plist */ = {isa = PBXFileReference; lastKnownFileType = text.plist.xml; path = Info.plist; sourceTree = "<group>"; };
/* End PBXFileReference section */

/* Begin PBXFrameworksBuildPhase section */
		A2867B9E24C81E080023459E /* Frameworks */ = {
			isa = PBXFrameworksBuildPhase;
			buildActionMask = 2147483647;
			files = (
			);
			runOnlyForDeploymentPostprocessing = 0;
		};
		A2867BB424C81E090023459E /* Frameworks */ = {
			isa = PBXFrameworksBuildPhase;
			buildActionMask = 2147483647;
			files = (
			);
			runOnlyForDeploymentPostprocessing = 0;
		};
		A2867BBF24C81E090023459E /* Frameworks */ = {
			isa = PBXFrameworksBuildPhase;
			buildActionMask = 2147483647;
			files = (
			);
			runOnlyForDeploymentPostprocessing = 0;
		};
/* End PBXFrameworksBuildPhase section */

/* Begin PBXGroup section */
		A2867B9824C81E080023459E = {
			isa = PBXGroup;
			children = (
				A2867BA324C81E080023459E /* Task1 */,
				A2867BBA24C81E090023459E /* Task1Tests */,
				A2867BC524C81E090023459E /* Task1UITests */,
				A2867BA224C81E080023459E /* Products */,
			);
			sourceTree = "<group>";
		};
		A2867BA224C81E080023459E /* Products */ = {
			isa = PBXGroup;
			children = (
				A2867BA124C81E080023459E /* Task1.app */,
				A2867BB724C81E090023459E /* Task1Tests.xctest */,
				A2867BC224C81E090023459E /* Task1UITests.xctest */,
			);
			name = Products;
			sourceTree = "<group>";
		};
		A2867BA324C81E080023459E /* Task1 */ = {
			isa = PBXGroup;
			children = (
				A2867BA424C81E080023459E /* AppDelegate.swift */,
				A2867BA624C81E080023459E /* SceneDelegate.swift */,
				A2867BA824C81E080023459E /* ViewController.swift */,
				A2867BAA24C81E080023459E /* Main.storyboard */,
				A2867BAD24C81E080023459E /* Assets.xcassets */,
				A2867BAF24C81E080023459E /* LaunchScreen.storyboard */,
				A2867BB224C81E080023459E /* Info.plist */,
			);
			path = Task1;
			sourceTree = "<group>";
		};
		A2867BBA24C81E090023459E /* Task1Tests */ = {
			isa = PBXGroup;
			children = (
				A2867BBB24C81E090023459E /* Task1Tests.swift */,
				A2867BBD24C81E090023459E /* Info.plist */,
			);
			path = Task1Tests;
			sourceTree = "<group>";
		};
		A2867BC524C81E090023459E /* Task1UITests */ = {
			isa = PBXGroup;
			children = (
				A2867BC624C81E090023459E /* Task1UITests.swift */,
				A2867BC824C81E090023459E /* Info.plist */,
			);
			path = Task1UITests;
			sourceTree = "<group>";
		};
/* End PBXGroup section */

/* Begin PBXNativeTarget section */
		A2867BA024C81E080023459E /* Task1 */ = {
			isa = PBXNativeTarget;
			buildConfigurationList = A2867BCB24C81E090023459E /* Build configuration list for PBXNativeTarget "Task1" */;
			buildPhases = (
				A2867B9D24C81E080023459E /* Sources */,
				A2867B9E24C81E080023459E /* Frameworks */,
				A2867B9F24C81E080023459E /* Resources */,
			);
			buildRules = (
			);
			dependencies = (
			);
			name = Task1;
			productName = Task1;
			productReference = A2867BA124C81E080023459E /* Task1.app */;
			productType = "com.apple.product-type.application";
		};
		A2867BB624C81E090023459E /* Task1Tests */ = {
			isa = PBXNativeTarget;
			buildConfigurationList = A2867BCE24C81E090023459E /* Build configuration list for PBXNativeTarget "Task1Tests" */;
			buildPhases = (
				A2867BB324C81E090023459E /* Sources */,
				A2867BB424C81E090023459E /* Frameworks */,
				A2867BB524C81E090023459E /* Resources */,
			);
			buildRules = (
			);
			dependencies = (
				A2867BB924C81E090023459E /* PBXTargetDependency */,
			);
			name = Task1Tests;
			productName = Task1Tests;
			productReference = A2867BB724C81E090023459E /* Task1Tests.xctest */;
			productType = "com.apple.product-type.bundle.unit-test";
		};
		A2867BC124C81E090023459E /* Task1UITests */ = {
			isa = PBXNativeTarget;
			buildConfigurationList = A2867BD124C81E090023459E /* Build configuration list for PBXNativeTarget "Task1UITests" */;
			buildPhases = (
				A2867BBE24C81E090023459E /* Sources */,
				A2867BBF24C81E090023459E /* Frameworks */,
				A2867BC024C81E090023459E /* Resources */,
			);
			buildRules = (
			);
			dependencies = (
				A2867BC424C81E090023459E /* PBXTargetDependency */,
			);
			name = Task1UITests;
			productName = Task1UITests;
			productReference = A2867BC224C81E090023459E /* Task1UITests.xctest */;
			productType = "com.apple.product-type.bundle.ui-testing";
		};
/* End PBXNativeTarget section */

/* Begin PBXProject section */
		A2867B9924C81E080023459E /* Project object */ = {
			isa = PBXProject;
			attributes = {
				LastSwiftUpdateCheck = 1160;
				LastUpgradeCheck = 1160;
				ORGANIZATIONNAME = "Abdul Wahab";
				TargetAttributes = {
					A2867BA024C81E080023459E = {
						CreatedOnToolsVersion = 11.6;
					};
					A2867BB624C81E090023459E = {
						CreatedOnToolsVersion = 11.6;
						TestTargetID = A2867BA024C81E080023459E;
					};
					A2867BC124C81E090023459E = {
						CreatedOnToolsVersion = 11.6;
						TestTargetID = A2867BA024C81E080023459E;
					};
				};
			};
			buildConfigurationList = A2867B9C24C81E080023459E /* Build configuration list for PBXProject "Task1" */;
			compatibilityVersion = "Xcode 9.3";
			developmentRegion = en;
			hasScannedForEncodings = 0;
			knownRegions = (
				en,
				Base,
			);
			mainGroup = A2867B9824C81E080023459E;
			productRefGroup = A2867BA224C81E080023459E /* Products */;
			projectDirPath = "";
			projectRoot = "";
			targets = (
				A2867BA024C81E080023459E /* Task1 */,
				A2867BB624C81E090023459E /* Task1Tests */,
				A2867BC124C81E090023459E /* Task1UITests */,
			);
		};
/* End PBXProject section */

/* Begin PBXResourcesBuildPhase section */
		A2867B9F24C81E080023459E /* Resources */ = {
			isa = PBXResourcesBuildPhase;
			buildActionMask = 2147483647;
			files = (
				A2867BB124C81E080023459E /* LaunchScreen.storyboard in Resources */,
				A2867BAE24C81E080023459E /* Assets.xcassets in Resources */,
				A2867BAC24C81E080023459E /* Main.storyboard in Resources */,
			);
			runOnlyForDeploymentPostprocessing = 0;
		};
		A2867BB524C81E090023459E /* Resources */ = {
			isa = PBXResourcesBuildPhase;
			buildActionMask = 2147483647;
			files = (
			);
			runOnlyForDeploymentPostprocessing = 0;
		};
		A2867BC024C81E090023459E /* Resources */ = {
			isa = PBXResourcesBuildPhase;
			buildActionMask = 2147483647;
			files = (
			);
			runOnlyForDeploymentPostprocessing = 0;
		};
/* End PBXResourcesBuildPhase section */

/* Begin PBXSourcesBuildPhase section */
		A2867B9D24C81E080023459E /* Sources */ = {
			isa = PBXSourcesBuildPhase;
			buildActionMask = 2147483647;
			files = (
				A2867BA924C81E080023459E /* ViewController.swift in Sources */,
				A2867BA524C81E080023459E /* AppDelegate.swift in Sources */,
				A2867BA724C81E080023459E /* SceneDelegate.swift in Sources */,
			);
			runOnlyForDeploymentPostprocessing = 0;
		};
		A2867BB324C81E090023459E /* Sources */ = {
			isa = PBXSourcesBuildPhase;
			buildActionMask = 2147483647;
			files = (
				A2867BBC24C81E090023459E /* Task1Tests.swift in Sources */,
			);
			runOnlyForDeploymentPostprocessing = 0;
		};
		A2867BBE24C81E090023459E /* Sources */ = {
			isa = PBXSourcesBuildPhase;
			buildActionMask = 2147483647;
			files = (
				A2867BC724C81E090023459E /* Task1UITests.swift in Sources */,
			);
			runOnlyForDeploymentPostprocessing = 0;
		};
/* End PBXSourcesBuildPhase section */

/* Begin PBXTargetDependency section */
		A2867BB924C81E090023459E /* PBXTargetDependency */ = {
			isa = PBXTargetDependency;
			target = A2867BA024C81E080023459E /* Task1 */;
			targetProxy = A2867BB824C81E090023459E /* PBXContainerItemProxy */;
		};
		A2867BC424C81E090023459E /* PBXTargetDependency */ = {
			isa = PBXTargetDependency;
			target = A2867BA024C81E080023459E /* Task1 */;
			targetProxy = A2867BC324C81E090023459E /* PBXContainerItemProxy */;
		};
/* End PBXTargetDependency section */

/* Begin PBXVariantGroup section */
		A2867BAA24C81E080023459E /* Main.storyboard */ = {
			isa = PBXVariantGroup;
			children = (
				A2867BAB24C81E080023459E /* Base */,
			);
			name = Main.storyboard;
			sourceTree = "<group>";
		};
		A2867BAF24C81E080023459E /* LaunchScreen.storyboard */ = {
			isa = PBXVariantGroup;
			children = (
				A2867BB024C81E080023459E /* Base */,
			);
			name = LaunchScreen.storyboard;
			sourceTree = "<group>";
		};
/* End PBXVariantGroup section */

/* Begin XCBuildConfiguration section */
		A2867BC924C81E090023459E /* Debug */ = {
			isa = XCBuildConfiguration;
			buildSettings = {
				ALWAYS_SEARCH_USER_PATHS = NO;
				CLANG_ANALYZER_NONNULL = YES;
				CLANG_ANALYZER_NUMBER_OBJECT_CONVERSION = YES_AGGRESSIVE;
				CLANG_CXX_LANGUAGE_STANDARD = "gnu++14";
				CLANG_CXX_LIBRARY = "libc++";
				CLANG_ENABLE_MODULES = YES;
				CLANG_ENABLE_OBJC_ARC = YES;
				CLANG_ENABLE_OBJC_WEAK = YES;
				CLANG_WARN_BLOCK_CAPTURE_AUTORELEASING = YES;
				CLANG_WARN_BOOL_CONVERSION = YES;
				CLANG_WARN_COMMA = YES;
				CLANG_WARN_CONSTANT_CONVERSION = YES;
				CLANG_WARN_DEPRECATED_OBJC_IMPLEMENTATIONS = YES;
				CLANG_WARN_DIRECT_OBJC_ISA_USAGE = YES_ERROR;
				CLANG_WARN_DOCUMENTATION_COMMENTS = YES;
				CLANG_WARN_EMPTY_BODY = YES;
				CLANG_WARN_ENUM_CONVERSION = YES;
				CLANG_WARN_INFINITE_RECURSION = YES;
				CLANG_WARN_INT_CONVERSION = YES;
				CLANG_WARN_NON_LITERAL_NULL_CONVERSION = YES;
				CLANG_WARN_OBJC_IMPLICIT_RETAIN_SELF = YES;
				CLANG_WARN_OBJC_LITERAL_CONVERSION = YES;
				CLANG_WARN_OBJC_ROOT_CLASS = YES_ERROR;
				CLANG_WARN_RANGE_LOOP_ANALYSIS = YES;
				CLANG_WARN_STRICT_PROTOTYPES = YES;
				CLANG_WARN_SUSPICIOUS_MOVE = YES;
				CLANG_WARN_UNGUARDED_AVAILABILITY = YES_AGGRESSIVE;
				CLANG_WARN_UNREACHABLE_CODE = YES;
				CLANG_WARN__DUPLICATE_METHOD_MATCH = YES;
				COPY_PHASE_STRIP = NO;
				DEBUG_INFORMATION_FORMAT = dwarf;
				ENABLE_STRICT_OBJC_MSGSEND = YES;
				ENABLE_TESTABILITY = YES;
				GCC_C_LANGUAGE_STANDARD = gnu11;
				GCC_DYNAMIC_NO_PIC = NO;
				GCC_NO_COMMON_BLOCKS = YES;
				GCC_OPTIMIZATION_LEVEL = 0;
				GCC_PREPROCESSOR_DEFINITIONS = (
					"DEBUG=1",
					"$(inherited)",
				);
				GCC_WARN_64_TO_32_BIT_CONVERSION = YES;
				GCC_WARN_ABOUT_RETURN_TYPE = YES_ERROR;
				GCC_WARN_UNDECLARED_SELECTOR = YES;
				GCC_WARN_UNINITIALIZED_AUTOS = YES_AGGRESSIVE;
				GCC_WARN_UNUSED_FUNCTION = YES;
				GCC_WARN_UNUSED_VARIABLE = YES;
				IPHONEOS_DEPLOYMENT_TARGET = 13.6;
				MTL_ENABLE_DEBUG_INFO = INCLUDE_SOURCE;
				MTL_FAST_MATH = YES;
				ONLY_ACTIVE_ARCH = YES;
				SDKROOT = iphoneos;
				SWIFT_ACTIVE_COMPILATION_CONDITIONS = DEBUG;
				SWIFT_OPTIMIZATION_LEVEL = "-Onone";
			};
			name = Debug;
		};
		A2867BCA24C81E090023459E /* Release */ = {
			isa = XCBuildConfiguration;
			buildSettings = {
				ALWAYS_SEARCH_USER_PATHS = NO;
				CLANG_ANALYZER_NONNULL = YES;
				CLANG_ANALYZER_NUMBER_OBJECT_CONVERSION = YES_AGGRESSIVE;
				CLANG_CXX_LANGUAGE_STANDARD = "gnu++14";
				CLANG_CXX_LIBRARY = "libc++";
				CLANG_ENABLE_MODULES = YES;
				CLANG_ENABLE_OBJC_ARC = YES;
				CLANG_ENABLE_OBJC_WEAK = YES;
				CLANG_WARN_BLOCK_CAPTURE_AUTORELEASING = YES;
				CLANG_WARN_BOOL_CONVERSION = YES;
				CLANG_WARN_COMMA = YES;
				CLANG_WARN_CONSTANT_CONVERSION = YES;
				CLANG_WARN_DEPRECATED_OBJC_IMPLEMENTATIONS = YES;
				CLANG_WARN_DIRECT_OBJC_ISA_USAGE = YES_ERROR;
				CLANG_WARN_DOCUMENTATION_COMMENTS = YES;
				CLANG_WARN_EMPTY_BODY = YES;
				CLANG_WARN_ENUM_CONVERSION = YES;
				CLANG_WARN_INFINITE_RECURSION = YES;
				CLANG_WARN_INT_CONVERSION = YES;
				CLANG_WARN_NON_LITERAL_NULL_CONVERSION = YES;
				CLANG_WARN_OBJC_IMPLICIT_RETAIN_SELF = YES;
				CLANG_WARN_OBJC_LITERAL_CONVERSION = YES;
				CLANG_WARN_OBJC_ROOT_CLASS = YES_ERROR;
				CLANG_WARN_RANGE_LOOP_ANALYSIS = YES;
				CLANG_WARN_STRICT_PROTOTYPES = YES;
				CLANG_WARN_SUSPICIOUS_MOVE = YES;
				CLANG_WARN_UNGUARDED_AVAILABILITY = YES_AGGRESSIVE;
				CLANG_WARN_UNREACHABLE_CODE = YES;
				CLANG_WARN__DUPLICATE_METHOD_MATCH = YES;
				COPY_PHASE_STRIP = NO;
				DEBUG_INFORMATION_FORMAT = "dwarf-with-dsym";
				ENABLE_NS_ASSERTIONS = NO;
				ENABLE_STRICT_OBJC_MSGSEND = YES;
				GCC_C_LANGUAGE_STANDARD = gnu11;
				GCC_NO_COMMON_BLOCKS = YES;
				GCC_WARN_64_TO_32_BIT_CONVERSION = YES;
				GCC_WARN_ABOUT_RETURN_TYPE = YES_ERROR;
				GCC_WARN_UNDECLARED_SELECTOR = YES;
				GCC_WARN_UNINITIALIZED_AUTOS = YES_AGGRESSIVE;
				GCC_WARN_UNUSED_FUNCTION = YES;
				GCC_WARN_UNUSED_VARIABLE = YES;
				IPHONEOS_DEPLOYMENT_TARGET = 13.6;
				MTL_ENABLE_DEBUG_INFO = NO;
				MTL_FAST_MATH = YES;
				SDKROOT = iphoneos;
				SWIFT_COMPILATION_MODE = wholemodule;
				SWIFT_OPTIMIZATION_LEVEL = "-O";
				VALIDATE_PRODUCT = YES;
			};
			name = Release;
		};
		A2867BCC24C81E090023459E /* Debug */ = {
			isa = XCBuildConfiguration;
			buildSettings = {
				ASSETCATALOG_COMPILER_APPICON_NAME = AppIcon;
				CODE_SIGN_STYLE = Automatic;
				INFOPLIST_FILE = Task1/Info.plist;
				LD_RUNPATH_SEARCH_PATHS = (
					"$(inherited)",
					"@executable_path/Frameworks",
				);
				PRODUCT_BUNDLE_IDENTIFIER = i160099.Task1;
				PRODUCT_NAME = "$(TARGET_NAME)";
				SWIFT_VERSION = 5.0;
				TARGETED_DEVICE_FAMILY = "1,2";
			};
			name = Debug;
		};
		A2867BCD24C81E090023459E /* Release */ = {
			isa = XCBuildConfiguration;
			buildSettings = {
				ASSETCATALOG_COMPILER_APPICON_NAME = AppIcon;
				CODE_SIGN_STYLE = Automatic;
				INFOPLIST_FILE = Task1/Info.plist;
				LD_RUNPATH_SEARCH_PATHS = (
					"$(inherited)",
					"@executable_path/Frameworks",
				);
				PRODUCT_BUNDLE_IDENTIFIER = i160099.Task1;
				PRODUCT_NAME = "$(TARGET_NAME)";
				SWIFT_VERSION = 5.0;
				TARGETED_DEVICE_FAMILY = "1,2";
			};
			name = Release;
		};
		A2867BCF24C81E090023459E /* Debug */ = {
			isa = XCBuildConfiguration;
			buildSettings = {
				ALWAYS_EMBED_SWIFT_STANDARD_LIBRARIES = YES;
				BUNDLE_LOADER = "$(TEST_HOST)";
				CODE_SIGN_STYLE = Automatic;
				INFOPLIST_FILE = Task1Tests/Info.plist;
				IPHONEOS_DEPLOYMENT_TARGET = 13.6;
				LD_RUNPATH_SEARCH_PATHS = (
					"$(inherited)",
					"@executable_path/Frameworks",
					"@loader_path/Frameworks",
				);
				PRODUCT_BUNDLE_IDENTIFIER = i160099.Task1Tests;
				PRODUCT_NAME = "$(TARGET_NAME)";
				SWIFT_VERSION = 5.0;
				TARGETED_DEVICE_FAMILY = "1,2";
				TEST_HOST = "$(BUILT_PRODUCTS_DIR)/Task1.app/Task1";
			};
			name = Debug;
		};
		A2867BD024C81E090023459E /* Release */ = {
			isa = XCBuildConfiguration;
			buildSettings = {
				ALWAYS_EMBED_SWIFT_STANDARD_LIBRARIES = YES;
				BUNDLE_LOADER = "$(TEST_HOST)";
				CODE_SIGN_STYLE = Automatic;
				INFOPLIST_FILE = Task1Tests/Info.plist;
				IPHONEOS_DEPLOYMENT_TARGET = 13.6;
				LD_RUNPATH_SEARCH_PATHS = (
					"$(inherited)",
					"@executable_path/Frameworks",
					"@loader_path/Frameworks",
				);
				PRODUCT_BUNDLE_IDENTIFIER = i160099.Task1Tests;
				PRODUCT_NAME = "$(TARGET_NAME)";
				SWIFT_VERSION = 5.0;
				TARGETED_DEVICE_FAMILY = "1,2";
				TEST_HOST = "$(BUILT_PRODUCTS_DIR)/Task1.app/Task1";
			};
			name = Release;
		};
		A2867BD224C81E090023459E /* Debug */ = {
			isa = XCBuildConfiguration;
			buildSettings = {
				ALWAYS_EMBED_SWIFT_STANDARD_LIBRARIES = YES;
				CODE_SIGN_STYLE = Automatic;
				INFOPLIST_FILE = Task1UITests/Info.plist;
				LD_RUNPATH_SEARCH_PATHS = (
					"$(inherited)",
					"@executable_path/Frameworks",
					"@loader_path/Frameworks",
				);
				PRODUCT_BUNDLE_IDENTIFIER = i160099.Task1UITests;
				PRODUCT_NAME = "$(TARGET_NAME)";
				SWIFT_VERSION = 5.0;
				TARGETED_DEVICE_FAMILY = "1,2";
				TEST_TARGET_NAME = Task1;
			};
			name = Debug;
		};
		A2867BD324C81E090023459E /* Release */ = {
			isa = XCBuildConfiguration;
			buildSettings = {
				ALWAYS_EMBED_SWIFT_STANDARD_LIBRARIES = YES;
				CODE_SIGN_STYLE = Automatic;
				INFOPLIST_FILE = Task1UITests/Info.plist;
				LD_RUNPATH_SEARCH_PATHS = (
					"$(inherited)",
					"@executable_path/Frameworks",
					"@loader_path/Frameworks",
				);
				PRODUCT_BUNDLE_IDENTIFIER = i160099.Task1UITests;
				PRODUCT_NAME = "$(TARGET_NAME)";
				SWIFT_VERSION = 5.0;
				TARGETED_DEVICE_FAMILY = "1,2";
				TEST_TARGET_NAME = Task1;
			};
			name = Release;
		};
/* End XCBuildConfiguration section */

/* Begin XCConfigurationList section */
		A2867B9C24C81E080023459E /* Build configuration list for PBXProject "Task1" */ = {
			isa = XCConfigurationList;
			buildConfigurations = (
				A2867BC924C81E090023459E /* Debug */,
				A2867BCA24C81E090023459E /* Release */,
			);
			defaultConfigurationIsVisible = 0;
			defaultConfigurationName = Release;
		};
		A2867BCB24C81E090023459E /* Build configuration list for PBXNativeTarget "Task1" */ = {
			isa = XCConfigurationList;
			buildConfigurations = (
				A2867BCC24C81E090023459E /* Debug */,
				A2867BCD24C81E090023459E /* Release */,
			);
			defaultConfigurationIsVisible = 0;
			defaultConfigurationName = Release;
		};
		A2867BCE24C81E090023459E /* Build configuration list for PBXNativeTarget "Task1Tests" */ = {
			isa = XCConfigurationList;
			buildConfigurations = (
				A2867BCF24C81E090023459E /* Debug */,
				A2867BD024C81E090023459E /* Release */,
			);
			defaultConfigurationIsVisible = 0;
			defaultConfigurationName = Release;
		};
		A2867BD124C81E090023459E /* Build configuration list for PBXNativeTarget "Task1UITests" */ = {
			isa = XCConfigurationList;
			buildConfigurations = (
				A2867BD224C81E090023459E /* Debug */,
				A2867BD324C81E090023459E /* Release */,
			);
			defaultConfigurationIsVisible = 0;
			defaultConfigurationName = Release;
		};
/* End XCConfigurationList section */
	};
	rootObject = A2867B9924C81E080023459E /* Project object */;
}
